
Microsoft Visual Studio Solution File, Format Version 12.00
# Visual Studio Version 17
VisualStudioVersion = 17.11.35312.102
MinimumVisualStudioVersion = 10.0.40219.1
Project("{FAE04EC0-301F-11D3-BF4B-00C04F79EFBC}") = "task_2", "task_2\task_2.csproj", "{1B2759BE-19D5-4244-9A09-BF7E7B2C80A9}"
EndProject
Project("{FAE04EC0-301F-11D3-BF4B-00C04F79EFBC}") = "task_3", "task_3\task_3.csproj", "{64EC40B1-DACE-45BA-BFF4-4B4F875A7288}"
EndProject
Project("{FAE04EC0-301F-11D3-BF4B-00C04F79EFBC}") = "task_4", "task_4\task_4.csproj", "{36AD4256-6D3F-4EDC-8716-A564C3E193FA}"
EndProject
Project("{FAE04EC0-301F-11D3-BF4B-00C04F79EFBC}") = "task_6", "task_6\task_6.csproj", "{C7905DD8-0B97-48DD-BE74-40ECCE35D429}"
EndProject
Global
	GlobalSection(SolutionConfigurationPlatforms) = preSolution
		Debug|Any CPU = Debug|Any CPU
		Release|Any CPU = Release|Any CPU
	EndGlobalSection
	GlobalSection(ProjectConfigurationPlatforms) = postSolution
		{1B2759BE-19D5-4244-9A09-BF7E7B2C80A9}.Debug|Any CPU.ActiveCfg = Debug|Any CPU
		{1B2759BE-19D5-4244-9A09-BF7E7B2C80A9}.Debug|Any CPU.Build.0 = Debug|Any CPU
		{1B2759BE-19D5-4244-9A09-BF7E7B2C80A9}.Release|Any CPU.ActiveCfg = Release|Any CPU
		{1B2759BE-19D5-4244-9A09-BF7E7B2C80A9}.Release|Any CPU.Build.0 = Release|Any CPU
		{64EC40B1-DACE-45BA-BFF4-4B4F875A7288}.Debug|Any CPU.ActiveCfg = Debug|Any CPU
		{64EC40B1-DACE-45BA-BFF4-4B4F875A7288}.Debug|Any CPU.Build.0 = Debug|Any CPU
		{64EC40B1-DACE-45BA-BFF4-4B4F875A7288}.Release|Any CPU.ActiveCfg = Release|Any CPU
		{64EC40B1-DACE-45BA-BFF4-4B4F875A7288}.Release|Any CPU.Build.0 = Release|Any CPU
		{36AD4256-6D3F-4EDC-8716-A564C3E193FA}.Debug|Any CPU.ActiveCfg = Debug|Any CPU
		{36AD4256-6D3F-4EDC-8716-A564C3E193FA}.Debug|Any CPU.Build.0 = Debug|Any CPU
		{36AD4256-6D3F-4EDC-8716-A564C3E193FA}.Release|Any CPU.ActiveCfg = Release|Any CPU
		{36AD4256-6D3F-4EDC-8716-A564C3E193FA}.Release|Any CPU.Build.0 = Release|Any CPU
		{C7905DD8-0B97-48DD-BE74-40ECCE35D429}.Debug|Any CPU.ActiveCfg = Debug|Any CPU
		{C7905DD8-0B97-48DD-BE74-40ECCE35D429}.Debug|Any CPU.Build.0 = Debug|Any CPU
		{C7905DD8-0B97-48DD-BE74-40ECCE35D429}.Release|Any CPU.ActiveCfg = Release|Any CPU
		{C7905DD8-0B97-48DD-BE74-40ECCE35D429}.Release|Any CPU.Build.0 = Release|Any CPU
	EndGlobalSection
	GlobalSection(SolutionProperties) = preSolution
		HideSolutionNode = FALSE
	EndGlobalSection
	GlobalSection(ExtensibilityGlobals) = postSolution
		SolutionGuid = {68049451-6EE9-4217-8203-B79665668776}
	EndGlobalSection
EndGlobal
