
Microsoft Visual Studio Solution File, Format Version 12.00
# Visual Studio Version 17
VisualStudioVersion = 17.11.35312.102
MinimumVisualStudioVersion = 10.0.40219.1
Project("{FAE04EC0-301F-11D3-BF4B-00C04F79EFBC}") = "task_5", "task_5\task_5.csproj", "{B19DF686-BF31-4FF8-A547-218DA0D3F6D1}"
EndProject
Project("{FAE04EC0-301F-11D3-BF4B-00C04F79EFBC}") = "task_2", "task_2\task_2.csproj", "{9791B7B7-9953-4675-94BB-32A29EC1B983}"
EndProject
Project("{FAE04EC0-301F-11D3-BF4B-00C04F79EFBC}") = "task_3", "task_3\task_3.csproj", "{810353C0-BA5E-488F-A438-89A9B891C71C}"
EndProject
Global
	GlobalSection(SolutionConfigurationPlatforms) = preSolution
		Debug|Any CPU = Debug|Any CPU
		Release|Any CPU = Release|Any CPU
	EndGlobalSection
	GlobalSection(ProjectConfigurationPlatforms) = postSolution
		{B19DF686-BF31-4FF8-A547-218DA0D3F6D1}.Debug|Any CPU.ActiveCfg = Debug|Any CPU
		{B19DF686-BF31-4FF8-A547-218DA0D3F6D1}.Debug|Any CPU.Build.0 = Debug|Any CPU
		{B19DF686-BF31-4FF8-A547-218DA0D3F6D1}.Release|Any CPU.ActiveCfg = Release|Any CPU
		{B19DF686-BF31-4FF8-A547-218DA0D3F6D1}.Release|Any CPU.Build.0 = Release|Any CPU
		{9791B7B7-9953-4675-94BB-32A29EC1B983}.Debug|Any CPU.ActiveCfg = Debug|Any CPU
		{9791B7B7-9953-4675-94BB-32A29EC1B983}.Debug|Any CPU.Build.0 = Debug|Any CPU
		{9791B7B7-9953-4675-94BB-32A29EC1B983}.Release|Any CPU.ActiveCfg = Release|Any CPU
		{9791B7B7-9953-4675-94BB-32A29EC1B983}.Release|Any CPU.Build.0 = Release|Any CPU
		{810353C0-BA5E-488F-A438-89A9B891C71C}.Debug|Any CPU.ActiveCfg = Debug|Any CPU
		{810353C0-BA5E-488F-A438-89A9B891C71C}.Debug|Any CPU.Build.0 = Debug|Any CPU
		{810353C0-BA5E-488F-A438-89A9B891C71C}.Release|Any CPU.ActiveCfg = Release|Any CPU
		{810353C0-BA5E-488F-A438-89A9B891C71C}.Release|Any CPU.Build.0 = Release|Any CPU
	EndGlobalSection
	GlobalSection(SolutionProperties) = preSolution
		HideSolutionNode = FALSE
	EndGlobalSection
	GlobalSection(ExtensibilityGlobals) = postSolution
		SolutionGuid = {36E8D2CD-3D52-48DA-BC5A-ED54EAC8BBA3}
	EndGlobalSection
EndGlobal
