
Microsoft Visual Studio Solution File, Format Version 12.00
# Visual Studio Version 17
VisualStudioVersion = 17.11.35312.102
MinimumVisualStudioVersion = 10.0.40219.1
Project("{9A19103F-16F7-4668-BE54-9A1E7A4F7556}") = "task_1", "task_1\task_1.csproj", "{F75FD259-56C6-4FB1-84B6-755C6D08E64C}"
EndProject
Project("{9A19103F-16F7-4668-BE54-9A1E7A4F7556}") = "task_2", "task_2\task_2.csproj", "{20F57D65-172A-4444-9180-B685F1F1BBC6}"
EndProject
Project("{FAE04EC0-301F-11D3-BF4B-00C04F79EFBC}") = "task_4", "task_4\task_4.csproj", "{4648015F-3B80-4777-8175-87640BE03869}"
EndProject
Global
	GlobalSection(SolutionConfigurationPlatforms) = preSolution
		Debug|Any CPU = Debug|Any CPU
		Release|Any CPU = Release|Any CPU
	EndGlobalSection
	GlobalSection(ProjectConfigurationPlatforms) = postSolution
		{F75FD259-56C6-4FB1-84B6-755C6D08E64C}.Debug|Any CPU.ActiveCfg = Debug|Any CPU
		{F75FD259-56C6-4FB1-84B6-755C6D08E64C}.Debug|Any CPU.Build.0 = Debug|Any CPU
		{F75FD259-56C6-4FB1-84B6-755C6D08E64C}.Release|Any CPU.ActiveCfg = Release|Any CPU
		{F75FD259-56C6-4FB1-84B6-755C6D08E64C}.Release|Any CPU.Build.0 = Release|Any CPU
		{20F57D65-172A-4444-9180-B685F1F1BBC6}.Debug|Any CPU.ActiveCfg = Debug|Any CPU
		{20F57D65-172A-4444-9180-B685F1F1BBC6}.Debug|Any CPU.Build.0 = Debug|Any CPU
		{20F57D65-172A-4444-9180-B685F1F1BBC6}.Release|Any CPU.ActiveCfg = Release|Any CPU
		{20F57D65-172A-4444-9180-B685F1F1BBC6}.Release|Any CPU.Build.0 = Release|Any CPU
		{4648015F-3B80-4777-8175-87640BE03869}.Debug|Any CPU.ActiveCfg = Debug|Any CPU
		{4648015F-3B80-4777-8175-87640BE03869}.Debug|Any CPU.Build.0 = Debug|Any CPU
		{4648015F-3B80-4777-8175-87640BE03869}.Release|Any CPU.ActiveCfg = Release|Any CPU
		{4648015F-3B80-4777-8175-87640BE03869}.Release|Any CPU.Build.0 = Release|Any CPU
	EndGlobalSection
	GlobalSection(SolutionProperties) = preSolution
		HideSolutionNode = FALSE
	EndGlobalSection
	GlobalSection(ExtensibilityGlobals) = postSolution
		SolutionGuid = {585EA084-AC72-4C78-A57A-FB663DE19D7D}
	EndGlobalSection
EndGlobal
