
Microsoft Visual Studio Solution File, Format Version 12.00
# Visual Studio Version 17
VisualStudioVersion = 17.11.35312.102
MinimumVisualStudioVersion = 10.0.40219.1
Project("{FAE04EC0-301F-11D3-BF4B-00C04F79EFBC}") = "task_2", "task_2\task_2.csproj", "{7A3C39F8-EC6C-40A3-B0AE-7BB700CE5FE1}"
EndProject
Project("{FAE04EC0-301F-11D3-BF4B-00C04F79EFBC}") = "task_3", "task_3\task_3.csproj", "{65ACB979-06E6-4795-9C10-63D8F54B5AE0}"
EndProject
Project("{FAE04EC0-301F-11D3-BF4B-00C04F79EFBC}") = "task_4", "task_4\task_4.csproj", "{01811D31-C421-4E2B-9BD9-42E949A9E55F}"
EndProject
Global
	GlobalSection(SolutionConfigurationPlatforms) = preSolution
		Debug|Any CPU = Debug|Any CPU
		Release|Any CPU = Release|Any CPU
	EndGlobalSection
	GlobalSection(ProjectConfigurationPlatforms) = postSolution
		{7A3C39F8-EC6C-40A3-B0AE-7BB700CE5FE1}.Debug|Any CPU.ActiveCfg = Debug|Any CPU
		{7A3C39F8-EC6C-40A3-B0AE-7BB700CE5FE1}.Debug|Any CPU.Build.0 = Debug|Any CPU
		{7A3C39F8-EC6C-40A3-B0AE-7BB700CE5FE1}.Release|Any CPU.ActiveCfg = Release|Any CPU
		{7A3C39F8-EC6C-40A3-B0AE-7BB700CE5FE1}.Release|Any CPU.Build.0 = Release|Any CPU
		{65ACB979-06E6-4795-9C10-63D8F54B5AE0}.Debug|Any CPU.ActiveCfg = Debug|Any CPU
		{65ACB979-06E6-4795-9C10-63D8F54B5AE0}.Debug|Any CPU.Build.0 = Debug|Any CPU
		{65ACB979-06E6-4795-9C10-63D8F54B5AE0}.Release|Any CPU.ActiveCfg = Release|Any CPU
		{65ACB979-06E6-4795-9C10-63D8F54B5AE0}.Release|Any CPU.Build.0 = Release|Any CPU
		{01811D31-C421-4E2B-9BD9-42E949A9E55F}.Debug|Any CPU.ActiveCfg = Debug|Any CPU
		{01811D31-C421-4E2B-9BD9-42E949A9E55F}.Debug|Any CPU.Build.0 = Debug|Any CPU
		{01811D31-C421-4E2B-9BD9-42E949A9E55F}.Release|Any CPU.ActiveCfg = Release|Any CPU
		{01811D31-C421-4E2B-9BD9-42E949A9E55F}.Release|Any CPU.Build.0 = Release|Any CPU
	EndGlobalSection
	GlobalSection(SolutionProperties) = preSolution
		HideSolutionNode = FALSE
	EndGlobalSection
	GlobalSection(ExtensibilityGlobals) = postSolution
		SolutionGuid = {0C033F49-2690-4543-A50A-CD15B72EE251}
	EndGlobalSection
EndGlobal
